{
  "name": "@cch137/node-chee",
  "version": "1.0.3",
  "lockfileVersion": 3,
  "requires": true,
  "packages": {
    "": {
      "name": "@cch137/node-chee",
      "version": "1.0.3",
      "license": "ISC",
      "dependencies": {
        "@cch137/chee": "^1.0.17"
      }
    },
    "node_modules/@cch137/chee": {
      "version": "1.0.17",
      "resolved": "https://registry.npmjs.org/@cch137/chee/-/chee-1.0.17.tgz",
      "integrity": "sha512-cANxEFfOc48vmYKK4ZkU57RQWK3QK5XWhpzX0Mi311QbXhlK55jZd1pjys2h0EwtUn8o3jl+hwUPilC9yxUn5Q=="
    }
  }
}
