{
  "name": "@cch137/node-chee",
  "version": "1.0.14",
  "lockfileVersion": 3,
  "requires": true,
  "packages": {
    "": {
      "name": "@cch137/node-chee",
      "version": "1.0.14",
      "license": "ISC",
      "dependencies": {
        "@cch137/chee": "^1.0.18"
      }
    },
    "node_modules/@cch137/chee": {
      "version": "1.0.18",
      "resolved": "https://registry.npmjs.org/@cch137/chee/-/chee-1.0.18.tgz",
      "integrity": "sha512-siAdITtGqOgaJqxfYme5nbSw9J3VeJFUjMoRE/V5Kd7AXTX+/vsweLMV0gQgng6G5ZeE9b+jSG7noI4FSOoszQ=="
    }
  }
}
