{
  "name": "@cch137/node-chee",
  "version": "1.0.14",
  "lockfileVersion": 3,
  "requires": true,
  "packages": {
    "": {
      "name": "@cch137/node-chee",
      "version": "1.0.14",
      "license": "ISC",
      "dependencies": {
        "@cch137/chee": "^1.0.19"
      }
    },
    "node_modules/@cch137/chee": {
      "version": "1.0.19",
      "resolved": "https://registry.npmjs.org/@cch137/chee/-/chee-1.0.19.tgz",
      "integrity": "sha512-7ZNDMbJ3n5Knt95JEHc4P6drhnY+z28sBQdz9zxpTn6rjwQ0Nbej8o1F5U3x5oE/UhEf1D90UW/5yuZqpmTpNw=="
    }
  }
}
